// !$*UTF8*$!
{
	archiveVersion = 1;
	classes = {
	};
	objectVersion = 55;
	objects = {

/* Begin PBXBuildFile section */
		10674609293C8D5200BAB142 /* ItemModel.swift in Sources */ = {isa = PBXBuildFile; fileRef = 10674608293C8D5200BAB142 /* ItemModel.swift */; };
		106911A129505B21000A4079 /* NoItemsView.swift in Sources */ = {isa = PBXBuildFile; fileRef = 106911A029505B21000A4079 /* NoItemsView.swift */; };
		10A77EA129584CD800516D5F /* Launch Screen.storyboard in Resources */ = {isa = PBXBuildFile; fileRef = 10A77EA029584CD800516D5F /* Launch Screen.storyboard */; };
		10ADC54F2949C68000AC98DB /* ListViewModel.swift in Sources */ = {isa = PBXBuildFile; fileRef = 10ADC54E2949C68000AC98DB /* ListViewModel.swift */; };
		10C959B62938CB3400A7CC5A /* TodoAppSwiftUIApp.swift in Sources */ = {isa = PBXBuildFile; fileRef = 10C959B52938CB3400A7CC5A /* TodoAppSwiftUIApp.swift */; };
		10C959BA2938CB3700A7CC5A /* Assets.xcassets in Resources */ = {isa = PBXBuildFile; fileRef = 10C959B92938CB3700A7CC5A /* Assets.xcassets */; };
		10C959BD2938CB3700A7CC5A /* Preview Assets.xcassets in Resources */ = {isa = PBXBuildFile; fileRef = 10C959BC2938CB3700A7CC5A /* Preview Assets.xcassets */; };
		10C959C52938CC4B00A7CC5A /* ListView.swift in Sources */ = {isa = PBXBuildFile; fileRef = 10C959C42938CC4B00A7CC5A /* ListView.swift */; };
		10C959C72938F35500A7CC5A /* ListRowView.swift in Sources */ = {isa = PBXBuildFile; fileRef = 10C959C62938F35500A7CC5A /* ListRowView.swift */; };
		10C959C92938F6A600A7CC5A /* AddView.swift in Sources */ = {isa = PBXBuildFile; fileRef = 10C959C82938F6A600A7CC5A /* AddView.swift */; };
/* End PBXBuildFile section */

/* Begin PBXFileReference section */
		10674608293C8D5200BAB142 /* ItemModel.swift */ = {isa = PBXFileReference; lastKnownFileType = sourcecode.swift; path = ItemModel.swift; sourceTree = "<group>"; };
		106911A029505B21000A4079 /* NoItemsView.swift */ = {isa = PBXFileReference; lastKnownFileType = sourcecode.swift; path = NoItemsView.swift; sourceTree = "<group>"; };
		10A77EA029584CD800516D5F /* Launch Screen.storyboard */ = {isa = PBXFileReference; lastKnownFileType = file.storyboard; path = "Launch Screen.storyboard"; sourceTree = "<group>"; };
		10ADC54E2949C68000AC98DB /* ListViewModel.swift */ = {isa = PBXFileReference; lastKnownFileType = sourcecode.swift; path = ListViewModel.swift; sourceTree = "<group>"; };
		10C959B22938CB3400A7CC5A /* TodoAppSwiftUI.app */ = {isa = PBXFileReference; explicitFileType = wrapper.application; includeInIndex = 0; path = TodoAppSwiftUI.app; sourceTree = BUILT_PRODUCTS_DIR; };
		10C959B52938CB3400A7CC5A /* TodoAppSwiftUIApp.swift */ = {isa = PBXFileReference; lastKnownFileType = sourcecode.swift; path = TodoAppSwiftUIApp.swift; sourceTree = "<group>"; };
		10C959B92938CB3700A7CC5A /* Assets.xcassets */ = {isa = PBXFileReference; lastKnownFileType = folder.assetcatalog; path = Assets.xcassets; sourceTree = "<group>"; };
		10C959BC2938CB3700A7CC5A /* Preview Assets.xcassets */ = {isa = PBXFileReference; lastKnownFileType = folder.assetcatalog; path = "Preview Assets.xcassets"; sourceTree = "<group>"; };
		10C959C42938CC4B00A7CC5A /* ListView.swift */ = {isa = PBXFileReference; lastKnownFileType = sourcecode.swift; path = ListView.swift; sourceTree = "<group>"; };
		10C959C62938F35500A7CC5A /* ListRowView.swift */ = {isa = PBXFileReference; lastKnownFileType = sourcecode.swift; path = ListRowView.swift; sourceTree = "<group>"; };
		10C959C82938F6A600A7CC5A /* AddView.swift */ = {isa = PBXFileReference; lastKnownFileType = sourcecode.swift; path = AddView.swift; sourceTree = "<group>"; };
/* End PBXFileReference section */

/* Begin PBXFrameworksBuildPhase section */
		10C959AF2938CB3400A7CC5A /* Frameworks */ = {
			isa = PBXFrameworksBuildPhase;
			buildActionMask = 2147483647;
			files = (
			);
			runOnlyForDeploymentPostprocessing = 0;
		};
/* End PBXFrameworksBuildPhase section */

/* Begin PBXGroup section */
		10674607293C8D3000BAB142 /* Models */ = {
			isa = PBXGroup;
			children = (
				10674608293C8D5200BAB142 /* ItemModel.swift */,
			);
			path = Models;
			sourceTree = "<group>";
		};
		10ADC54D2949C63A00AC98DB /* ViewModels */ = {
			isa = PBXGroup;
			children = (
				10ADC54E2949C68000AC98DB /* ListViewModel.swift */,
			);
			path = ViewModels;
			sourceTree = "<group>";
		};
		10C959A92938CB3400A7CC5A = {
			isa = PBXGroup;
			children = (
				10A77EA029584CD800516D5F /* Launch Screen.storyboard */,
				10C959B42938CB3400A7CC5A /* TodoAppSwiftUI */,
				10C959B32938CB3400A7CC5A /* Products */,
			);
			sourceTree = "<group>";
		};
		10C959B32938CB3400A7CC5A /* Products */ = {
			isa = PBXGroup;
			children = (
				10C959B22938CB3400A7CC5A /* TodoAppSwiftUI.app */,
			);
			name = Products;
			sourceTree = "<group>";
		};
		10C959B42938CB3400A7CC5A /* TodoAppSwiftUI */ = {
			isa = PBXGroup;
			children = (
				10C959B52938CB3400A7CC5A /* TodoAppSwiftUIApp.swift */,
				10674607293C8D3000BAB142 /* Models */,
				10ADC54D2949C63A00AC98DB /* ViewModels */,
				10C959C32938CC3700A7CC5A /* Views */,
				10C959B92938CB3700A7CC5A /* Assets.xcassets */,
				10C959BB2938CB3700A7CC5A /* Preview Content */,
			);
			path = TodoAppSwiftUI;
			sourceTree = "<group>";
		};
		10C959BB2938CB3700A7CC5A /* Preview Content */ = {
			isa = PBXGroup;
			children = (
				10C959BC2938CB3700A7CC5A /* Preview Assets.xcassets */,
			);
			path = "Preview Content";
			sourceTree = "<group>";
		};
		10C959C32938CC3700A7CC5A /* Views */ = {
			isa = PBXGroup;
			children = (
				10C959C42938CC4B00A7CC5A /* ListView.swift */,
				10C959C62938F35500A7CC5A /* ListRowView.swift */,
				10C959C82938F6A600A7CC5A /* AddView.swift */,
				106911A029505B21000A4079 /* NoItemsView.swift */,
			);
			path = Views;
			sourceTree = "<group>";
		};
/* End PBXGroup section */

/* Begin PBXNativeTarget section */
		10C959B12938CB3400A7CC5A /* TodoAppSwiftUI */ = {
			isa = PBXNativeTarget;
			buildConfigurationList = 10C959C02938CB3700A7CC5A /* Build configuration list for PBXNativeTarget "TodoAppSwiftUI" */;
			buildPhases = (
				10C959AE2938CB3400A7CC5A /* Sources */,
				10C959AF2938CB3400A7CC5A /* Frameworks */,
				10C959B02938CB3400A7CC5A /* Resources */,
			);
			buildRules = (
			);
			dependencies = (
			);
			name = TodoAppSwiftUI;
			productName = TodoAppSwiftUI;
			productReference = 10C959B22938CB3400A7CC5A /* TodoAppSwiftUI.app */;
			productType = "com.apple.product-type.application";
		};
/* End PBXNativeTarget section */

/* Begin PBXProject section */
		10C959AA2938CB3400A7CC5A /* Project object */ = {
			isa = PBXProject;
			attributes = {
				BuildIndependentTargetsInParallel = 1;
				LastSwiftUpdateCheck = 1340;
				LastUpgradeCheck = 1340;
				TargetAttributes = {
					10C959B12938CB3400A7CC5A = {
						CreatedOnToolsVersion = 13.4.1;
					};
				};
			};
			buildConfigurationList = 10C959AD2938CB3400A7CC5A /* Build configuration list for PBXProject "TodoAppSwiftUI" */;
			compatibilityVersion = "Xcode 13.0";
			developmentRegion = en;
			hasScannedForEncodings = 0;
			knownRegions = (
				en,
				Base,
			);
			mainGroup = 10C959A92938CB3400A7CC5A;
			productRefGroup = 10C959B32938CB3400A7CC5A /* Products */;
			projectDirPath = "";
			projectRoot = "";
			targets = (
				10C959B12938CB3400A7CC5A /* TodoAppSwiftUI */,
			);
		};
/* End PBXProject section */

/* Begin PBXResourcesBuildPhase section */
		10C959B02938CB3400A7CC5A /* Resources */ = {
			isa = PBXResourcesBuildPhase;
			buildActionMask = 2147483647;
			files = (
				10A77EA129584CD800516D5F /* Launch Screen.storyboard in Resources */,
				10C959BD2938CB3700A7CC5A /* Preview Assets.xcassets in Resources */,
				10C959BA2938CB3700A7CC5A /* Assets.xcassets in Resources */,
			);
			runOnlyForDeploymentPostprocessing = 0;
		};
/* End PBXResourcesBuildPhase section */

/* Begin PBXSourcesBuildPhase section */
		10C959AE2938CB3400A7CC5A /* Sources */ = {
			isa = PBXSourcesBuildPhase;
			buildActionMask = 2147483647;
			files = (
				10674609293C8D5200BAB142 /* ItemModel.swift in Sources */,
				10C959C92938F6A600A7CC5A /* AddView.swift in Sources */,
				10ADC54F2949C68000AC98DB /* ListViewModel.swift in Sources */,
				10C959B62938CB3400A7CC5A /* TodoAppSwiftUIApp.swift in Sources */,
				10C959C52938CC4B00A7CC5A /* ListView.swift in Sources */,
				106911A129505B21000A4079 /* NoItemsView.swift in Sources */,
				10C959C72938F35500A7CC5A /* ListRowView.swift in Sources */,
			);
			runOnlyForDeploymentPostprocessing = 0;
		};
/* End PBXSourcesBuildPhase section */

/* Begin XCBuildConfiguration section */
		10C959BE2938CB3700A7CC5A /* Debug */ = {
			isa = XCBuildConfiguration;
			buildSettings = {
				ALWAYS_SEARCH_USER_PATHS = NO;
				CLANG_ANALYZER_NONNULL = YES;
				CLANG_ANALYZER_NUMBER_OBJECT_CONVERSION = YES_AGGRESSIVE;
				CLANG_CXX_LANGUAGE_STANDARD = "gnu++17";
				CLANG_ENABLE_MODULES = YES;
				CLANG_ENABLE_OBJC_ARC = YES;
				CLANG_ENABLE_OBJC_WEAK = YES;
				CLANG_WARN_BLOCK_CAPTURE_AUTORELEASING = YES;
				CLANG_WARN_BOOL_CONVERSION = YES;
				CLANG_WARN_COMMA = YES;
				CLANG_WARN_CONSTANT_CONVERSION = YES;
				CLANG_WARN_DEPRECATED_OBJC_IMPLEMENTATIONS = YES;
				CLANG_WARN_DIRECT_OBJC_ISA_USAGE = YES_ERROR;
				CLANG_WARN_DOCUMENTATION_COMMENTS = YES;
				CLANG_WARN_EMPTY_BODY = YES;
				CLANG_WARN_ENUM_CONVERSION = YES;
				CLANG_WARN_INFINITE_RECURSION = YES;
				CLANG_WARN_INT_CONVERSION = YES;
				CLANG_WARN_NON_LITERAL_NULL_CONVERSION = YES;
				CLANG_WARN_OBJC_IMPLICIT_RETAIN_SELF = YES;
				CLANG_WARN_OBJC_LITERAL_CONVERSION = YES;
				CLANG_WARN_OBJC_ROOT_CLASS = YES_ERROR;
				CLANG_WARN_QUOTED_INCLUDE_IN_FRAMEWORK_HEADER = YES;
				CLANG_WARN_RANGE_LOOP_ANALYSIS = YES;
				CLANG_WARN_STRICT_PROTOTYPES = YES;
				CLANG_WARN_SUSPICIOUS_MOVE = YES;
				CLANG_WARN_UNGUARDED_AVAILABILITY = YES_AGGRESSIVE;
				CLANG_WARN_UNREACHABLE_CODE = YES;
				CLANG_WARN__DUPLICATE_METHOD_MATCH = YES;
				COPY_PHASE_STRIP = NO;
				DEBUG_INFORMATION_FORMAT = dwarf;
				ENABLE_STRICT_OBJC_MSGSEND = YES;
				ENABLE_TESTABILITY = YES;
				GCC_C_LANGUAGE_STANDARD = gnu11;
				GCC_DYNAMIC_NO_PIC = NO;
				GCC_NO_COMMON_BLOCKS = YES;
				GCC_OPTIMIZATION_LEVEL = 0;
				GCC_PREPROCESSOR_DEFINITIONS = (
					"DEBUG=1",
					"$(inherited)",
				);
				GCC_WARN_64_TO_32_BIT_CONVERSION = YES;
				GCC_WARN_ABOUT_RETURN_TYPE = YES_ERROR;
				GCC_WARN_UNDECLARED_SELECTOR = YES;
				GCC_WARN_UNINITIALIZED_AUTOS = YES_AGGRESSIVE;
				GCC_WARN_UNUSED_FUNCTION = YES;
				GCC_WARN_UNUSED_VARIABLE = YES;
				IPHONEOS_DEPLOYMENT_TARGET = 15.5;
				MTL_ENABLE_DEBUG_INFO = INCLUDE_SOURCE;
				MTL_FAST_MATH = YES;
				ONLY_ACTIVE_ARCH = YES;
				SDKROOT = iphoneos;
				SWIFT_ACTIVE_COMPILATION_CONDITIONS = DEBUG;
				SWIFT_OPTIMIZATION_LEVEL = "-Onone";
			};
			name = Debug;
		};
		10C959BF2938CB3700A7CC5A /* Release */ = {
			isa = XCBuildConfiguration;
			buildSettings = {
				ALWAYS_SEARCH_USER_PATHS = NO;
				CLANG_ANALYZER_NONNULL = YES;
				CLANG_ANALYZER_NUMBER_OBJECT_CONVERSION = YES_AGGRESSIVE;
				CLANG_CXX_LANGUAGE_STANDARD = "gnu++17";
				CLANG_ENABLE_MODULES = YES;
				CLANG_ENABLE_OBJC_ARC = YES;
				CLANG_ENABLE_OBJC_WEAK = YES;
				CLANG_WARN_BLOCK_CAPTURE_AUTORELEASING = YES;
				CLANG_WARN_BOOL_CONVERSION = YES;
				CLANG_WARN_COMMA = YES;
				CLANG_WARN_CONSTANT_CONVERSION = YES;
				CLANG_WARN_DEPRECATED_OBJC_IMPLEMENTATIONS = YES;
				CLANG_WARN_DIRECT_OBJC_ISA_USAGE = YES_ERROR;
				CLANG_WARN_DOCUMENTATION_COMMENTS = YES;
				CLANG_WARN_EMPTY_BODY = YES;
				CLANG_WARN_ENUM_CONVERSION = YES;
				CLANG_WARN_INFINITE_RECURSION = YES;
				CLANG_WARN_INT_CONVERSION = YES;
				CLANG_WARN_NON_LITERAL_NULL_CONVERSION = YES;
				CLANG_WARN_OBJC_IMPLICIT_RETAIN_SELF = YES;
				CLANG_WARN_OBJC_LITERAL_CONVERSION = YES;
				CLANG_WARN_OBJC_ROOT_CLASS = YES_ERROR;
				CLANG_WARN_QUOTED_INCLUDE_IN_FRAMEWORK_HEADER = YES;
				CLANG_WARN_RANGE_LOOP_ANALYSIS = YES;
				CLANG_WARN_STRICT_PROTOTYPES = YES;
				CLANG_WARN_SUSPICIOUS_MOVE = YES;
				CLANG_WARN_UNGUARDED_AVAILABILITY = YES_AGGRESSIVE;
				CLANG_WARN_UNREACHABLE_CODE = YES;
				CLANG_WARN__DUPLICATE_METHOD_MATCH = YES;
				COPY_PHASE_STRIP = NO;
				DEBUG_INFORMATION_FORMAT = "dwarf-with-dsym";
				ENABLE_NS_ASSERTIONS = NO;
				ENABLE_STRICT_OBJC_MSGSEND = YES;
				GCC_C_LANGUAGE_STANDARD = gnu11;
				GCC_NO_COMMON_BLOCKS = YES;
				GCC_WARN_64_TO_32_BIT_CONVERSION = YES;
				GCC_WARN_ABOUT_RETURN_TYPE = YES_ERROR;
				GCC_WARN_UNDECLARED_SELECTOR = YES;
				GCC_WARN_UNINITIALIZED_AUTOS = YES_AGGRESSIVE;
				GCC_WARN_UNUSED_FUNCTION = YES;
				GCC_WARN_UNUSED_VARIABLE = YES;
				IPHONEOS_DEPLOYMENT_TARGET = 15.5;
				MTL_ENABLE_DEBUG_INFO = NO;
				MTL_FAST_MATH = YES;
				SDKROOT = iphoneos;
				SWIFT_COMPILATION_MODE = wholemodule;
				SWIFT_OPTIMIZATION_LEVEL = "-O";
				VALIDATE_PRODUCT = YES;
			};
			name = Release;
		};
		10C959C12938CB3700A7CC5A /* Debug */ = {
			isa = XCBuildConfiguration;
			buildSettings = {
				ASSETCATALOG_COMPILER_APPICON_NAME = AppIcon;
				ASSETCATALOG_COMPILER_GLOBAL_ACCENT_COLOR_NAME = AccentColor;
				CODE_SIGN_STYLE = Automatic;
				CURRENT_PROJECT_VERSION = 1;
				DEVELOPMENT_ASSET_PATHS = "\"TodoAppSwiftUI/Preview Content\"";
				ENABLE_PREVIEWS = YES;
				GENERATE_INFOPLIST_FILE = YES;
				INFOPLIST_KEY_UIApplicationSceneManifest_Generation = YES;
				INFOPLIST_KEY_UIApplicationSupportsIndirectInputEvents = YES;
				INFOPLIST_KEY_UILaunchScreen_Generation = YES;
				INFOPLIST_KEY_UILaunchStoryboardName = "Launch Screen";
				INFOPLIST_KEY_UISupportedInterfaceOrientations_iPad = "UIInterfaceOrientationPortrait UIInterfaceOrientationPortraitUpsideDown UIInterfaceOrientationLandscapeLeft UIInterfaceOrientationLandscapeRight";
				INFOPLIST_KEY_UISupportedInterfaceOrientations_iPhone = "UIInterfaceOrientationPortrait UIInterfaceOrientationLandscapeLeft UIInterfaceOrientationLandscapeRight";
				LD_RUNPATH_SEARCH_PATHS = (
					"$(inherited)",
					"@executable_path/Frameworks",
				);
				MARKETING_VERSION = 1.0;
				PRODUCT_BUNDLE_IDENTIFIER = ArpuSquare.TodoAppSwiftUI;
				PRODUCT_NAME = "$(TARGET_NAME)";
				SWIFT_EMIT_LOC_STRINGS = YES;
				SWIFT_VERSION = 5.0;
				TARGETED_DEVICE_FAMILY = "1,2";
			};
			name = Debug;
		};
		10C959C22938CB3700A7CC5A /* Release */ = {
			isa = XCBuildConfiguration;
			buildSettings = {
				ASSETCATALOG_COMPILER_APPICON_NAME = AppIcon;
				ASSETCATALOG_COMPILER_GLOBAL_ACCENT_COLOR_NAME = AccentColor;
				CODE_SIGN_STYLE = Automatic;
				CURRENT_PROJECT_VERSION = 1;
				DEVELOPMENT_ASSET_PATHS = "\"TodoAppSwiftUI/Preview Content\"";
				ENABLE_PREVIEWS = YES;
				GENERATE_INFOPLIST_FILE = YES;
				INFOPLIST_KEY_UIApplicationSceneManifest_Generation = YES;
				INFOPLIST_KEY_UIApplicationSupportsIndirectInputEvents = YES;
				INFOPLIST_KEY_UILaunchScreen_Generation = YES;
				INFOPLIST_KEY_UILaunchStoryboardName = "Launch Screen";
				INFOPLIST_KEY_UISupportedInterfaceOrientations_iPad = "UIInterfaceOrientationPortrait UIInterfaceOrientationPortraitUpsideDown UIInterfaceOrientationLandscapeLeft UIInterfaceOrientationLandscapeRight";
				INFOPLIST_KEY_UISupportedInterfaceOrientations_iPhone = "UIInterfaceOrientationPortrait UIInterfaceOrientationLandscapeLeft UIInterfaceOrientationLandscapeRight";
				LD_RUNPATH_SEARCH_PATHS = (
					"$(inherited)",
					"@executable_path/Frameworks",
				);
				MARKETING_VERSION = 1.0;
				PRODUCT_BUNDLE_IDENTIFIER = ArpuSquare.TodoAppSwiftUI;
				PRODUCT_NAME = "$(TARGET_NAME)";
				SWIFT_EMIT_LOC_STRINGS = YES;
				SWIFT_VERSION = 5.0;
				TARGETED_DEVICE_FAMILY = "1,2";
			};
			name = Release;
		};
/* End XCBuildConfiguration section */

/* Begin XCConfigurationList section */
		10C959AD2938CB3400A7CC5A /* Build configuration list for PBXProject "TodoAppSwiftUI" */ = {
			isa = XCConfigurationList;
			buildConfigurations = (
				10C959BE2938CB3700A7CC5A /* Debug */,
				10C959BF2938CB3700A7CC5A /* Release */,
			);
			defaultConfigurationIsVisible = 0;
			defaultConfigurationName = Release;
		};
		10C959C02938CB3700A7CC5A /* Build configuration list for PBXNativeTarget "TodoAppSwiftUI" */ = {
			isa = XCConfigurationList;
			buildConfigurations = (
				10C959C12938CB3700A7CC5A /* Debug */,
				10C959C22938CB3700A7CC5A /* Release */,
			);
			defaultConfigurationIsVisible = 0;
			defaultConfigurationName = Release;
		};
/* End XCConfigurationList section */
	};
	rootObject = 10C959AA2938CB3400A7CC5A /* Project object */;
}
